// !$*UTF8*$!
{
	archiveVersion = 1;
	classes = {
	};
	objectVersion = 77;
	objects = {

/* Begin PBXContainerItemProxy section */
		DBEF13942DEDF8F500DF7C02 /* PBXContainerItemProxy */ = {
			isa = PBXContainerItemProxy;
			containerPortal = DBEF137B2DEDF8F400DF7C02 /* Project object */;
			proxyType = 1;
			remoteGlobalIDString = DBEF13822DEDF8F400DF7C02;
			remoteInfo = "Instrument Cluster";
		};
		DBEF139E2DEDF8F500DF7C02 /* PBXContainerItemProxy */ = {
			isa = PBXContainerItemProxy;
			containerPortal = DBEF137B2DEDF8F400DF7C02 /* Project object */;
			proxyType = 1;
			remoteGlobalIDString = DBEF13822DEDF8F400DF7C02;
			remoteInfo = "Instrument Cluster";
		};
/* End PBXContainerItemProxy section */

/* Begin PBXFileReference section */
		DBEF13832DEDF8F400DF7C02 /* Instrument Cluster.app */ = {isa = PBXFileReference; explicitFileType = wrapper.application; includeInIndex = 0; path = "Instrument Cluster.app"; sourceTree = BUILT_PRODUCTS_DIR; };
		DBEF13932DEDF8F500DF7C02 /* Instrument ClusterTests.xctest */ = {isa = PBXFileReference; explicitFileType = wrapper.cfbundle; includeInIndex = 0; path = "Instrument ClusterTests.xctest"; sourceTree = BUILT_PRODUCTS_DIR; };
		DBEF139D2DEDF8F500DF7C02 /* Instrument ClusterUITests.xctest */ = {isa = PBXFileReference; explicitFileType = wrapper.cfbundle; includeInIndex = 0; path = "Instrument ClusterUITests.xctest"; sourceTree = BUILT_PRODUCTS_DIR; };
/* End PBXFileReference section */

/* Begin PBXFileSystemSynchronizedRootGroup section */
		DBEF13852DEDF8F400DF7C02 /* Instrument Cluster */ = {
			isa = PBXFileSystemSynchronizedRootGroup;
			path = "Instrument Cluster";
			sourceTree = "<group>";
		};
		DBEF13962DEDF8F500DF7C02 /* Instrument ClusterTests */ = {
			isa = PBXFileSystemSynchronizedRootGroup;
			path = "Instrument ClusterTests";
			sourceTree = "<group>";
		};
		DBEF13A02DEDF8F500DF7C02 /* Instrument ClusterUITests */ = {
			isa = PBXFileSystemSynchronizedRootGroup;
			path = "Instrument ClusterUITests";
			sourceTree = "<group>";
		};
/* End PBXFileSystemSynchronizedRootGroup section */

/* Begin PBXFrameworksBuildPhase section */
		DBEF13802DEDF8F400DF7C02 /* Frameworks */ = {
			isa = PBXFrameworksBuildPhase;
			buildActionMask = 2147483647;
			files = (
			);
			runOnlyForDeploymentPostprocessing = 0;
		};
		DBEF13902DEDF8F500DF7C02 /* Frameworks */ = {
			isa = PBXFrameworksBuildPhase;
			buildActionMask = 2147483647;
			files = (
			);
			runOnlyForDeploymentPostprocessing = 0;
		};
		DBEF139A2DEDF8F500DF7C02 /* Frameworks */ = {
			isa = PBXFrameworksBuildPhase;
			buildActionMask = 2147483647;
			files = (
			);
			runOnlyForDeploymentPostprocessing = 0;
		};
/* End PBXFrameworksBuildPhase section */

/* Begin PBXGroup section */
		DBEF137A2DEDF8F400DF7C02 = {
			isa = PBXGroup;
			children = (
				DBEF13852DEDF8F400DF7C02 /* Instrument Cluster */,
				DBEF13962DEDF8F500DF7C02 /* Instrument ClusterTests */,
				DBEF13A02DEDF8F500DF7C02 /* Instrument ClusterUITests */,
				DBEF13842DEDF8F400DF7C02 /* Products */,
			);
			sourceTree = "<group>";
		};
		DBEF13842DEDF8F400DF7C02 /* Products */ = {
			isa = PBXGroup;
			children = (
				DBEF13832DEDF8F400DF7C02 /* Instrument Cluster.app */,
				DBEF13932DEDF8F500DF7C02 /* Instrument ClusterTests.xctest */,
				DBEF139D2DEDF8F500DF7C02 /* Instrument ClusterUITests.xctest */,
			);
			name = Products;
			sourceTree = "<group>";
		};
/* End PBXGroup section */

/* Begin PBXNativeTarget section */
		DBEF13822DEDF8F400DF7C02 /* Instrument Cluster */ = {
			isa = PBXNativeTarget;
			buildConfigurationList = DBEF13A72DEDF8F500DF7C02 /* Build configuration list for PBXNativeTarget "Instrument Cluster" */;
			buildPhases = (
				DBEF137F2DEDF8F400DF7C02 /* Sources */,
				DBEF13802DEDF8F400DF7C02 /* Frameworks */,
				DBEF13812DEDF8F400DF7C02 /* Resources */,
			);
			buildRules = (
			);
			dependencies = (
			);
			fileSystemSynchronizedGroups = (
				DBEF13852DEDF8F400DF7C02 /* Instrument Cluster */,
			);
			name = "Instrument Cluster";
			packageProductDependencies = (
			);
			productName = "Instrument Cluster";
			productReference = DBEF13832DEDF8F400DF7C02 /* Instrument Cluster.app */;
			productType = "com.apple.product-type.application";
		};
		DBEF13922DEDF8F500DF7C02 /* Instrument ClusterTests */ = {
			isa = PBXNativeTarget;
			buildConfigurationList = DBEF13AA2DEDF8F500DF7C02 /* Build configuration list for PBXNativeTarget "Instrument ClusterTests" */;
			buildPhases = (
				DBEF138F2DEDF8F500DF7C02 /* Sources */,
				DBEF13902DEDF8F500DF7C02 /* Frameworks */,
				DBEF13912DEDF8F500DF7C02 /* Resources */,
			);
			buildRules = (
			);
			dependencies = (
				DBEF13952DEDF8F500DF7C02 /* PBXTargetDependency */,
			);
			fileSystemSynchronizedGroups = (
				DBEF13962DEDF8F500DF7C02 /* Instrument ClusterTests */,
			);
			name = "Instrument ClusterTests";
			packageProductDependencies = (
			);
			productName = "Instrument ClusterTests";
			productReference = DBEF13932DEDF8F500DF7C02 /* Instrument ClusterTests.xctest */;
			productType = "com.apple.product-type.bundle.unit-test";
		};
		DBEF139C2DEDF8F500DF7C02 /* Instrument ClusterUITests */ = {
			isa = PBXNativeTarget;
			buildConfigurationList = DBEF13AD2DEDF8F500DF7C02 /* Build configuration list for PBXNativeTarget "Instrument ClusterUITests" */;
			buildPhases = (
				DBEF13992DEDF8F500DF7C02 /* Sources */,
				DBEF139A2DEDF8F500DF7C02 /* Frameworks */,
				DBEF139B2DEDF8F500DF7C02 /* Resources */,
			);
			buildRules = (
			);
			dependencies = (
				DBEF139F2DEDF8F500DF7C02 /* PBXTargetDependency */,
			);
			fileSystemSynchronizedGroups = (
				DBEF13A02DEDF8F500DF7C02 /* Instrument ClusterUITests */,
			);
			name = "Instrument ClusterUITests";
			packageProductDependencies = (
			);
			productName = "Instrument ClusterUITests";
			productReference = DBEF139D2DEDF8F500DF7C02 /* Instrument ClusterUITests.xctest */;
			productType = "com.apple.product-type.bundle.ui-testing";
		};
/* End PBXNativeTarget section */

/* Begin PBXProject section */
		DBEF137B2DEDF8F400DF7C02 /* Project object */ = {
			isa = PBXProject;
			attributes = {
				BuildIndependentTargetsInParallel = 1;
				LastSwiftUpdateCheck = 1620;
				LastUpgradeCheck = 1620;
				TargetAttributes = {
					DBEF13822DEDF8F400DF7C02 = {
						CreatedOnToolsVersion = 16.2;
					};
					DBEF13922DEDF8F500DF7C02 = {
						CreatedOnToolsVersion = 16.2;
						TestTargetID = DBEF13822DEDF8F400DF7C02;
					};
					DBEF139C2DEDF8F500DF7C02 = {
						CreatedOnToolsVersion = 16.2;
						TestTargetID = DBEF13822DEDF8F400DF7C02;
					};
				};
			};
			buildConfigurationList = DBEF137E2DEDF8F400DF7C02 /* Build configuration list for PBXProject "Instrument Cluster" */;
			developmentRegion = en;
			hasScannedForEncodings = 0;
			knownRegions = (
				en,
				Base,
			);
			mainGroup = DBEF137A2DEDF8F400DF7C02;
			minimizedProjectReferenceProxies = 1;
			preferredProjectObjectVersion = 77;
			productRefGroup = DBEF13842DEDF8F400DF7C02 /* Products */;
			projectDirPath = "";
			projectRoot = "";
			targets = (
				DBEF13822DEDF8F400DF7C02 /* Instrument Cluster */,
				DBEF13922DEDF8F500DF7C02 /* Instrument ClusterTests */,
				DBEF139C2DEDF8F500DF7C02 /* Instrument ClusterUITests */,
			);
		};
/* End PBXProject section */

/* Begin PBXResourcesBuildPhase section */
		DBEF13812DEDF8F400DF7C02 /* Resources */ = {
			isa = PBXResourcesBuildPhase;
			buildActionMask = 2147483647;
			files = (
			);
			runOnlyForDeploymentPostprocessing = 0;
		};
		DBEF13912DEDF8F500DF7C02 /* Resources */ = {
			isa = PBXResourcesBuildPhase;
			buildActionMask = 2147483647;
			files = (
			);
			runOnlyForDeploymentPostprocessing = 0;
		};
		DBEF139B2DEDF8F500DF7C02 /* Resources */ = {
			isa = PBXResourcesBuildPhase;
			buildActionMask = 2147483647;
			files = (
			);
			runOnlyForDeploymentPostprocessing = 0;
		};
/* End PBXResourcesBuildPhase section */

/* Begin PBXSourcesBuildPhase section */
		DBEF137F2DEDF8F400DF7C02 /* Sources */ = {
			isa = PBXSourcesBuildPhase;
			buildActionMask = 2147483647;
			files = (
			);
			runOnlyForDeploymentPostprocessing = 0;
		};
		DBEF138F2DEDF8F500DF7C02 /* Sources */ = {
			isa = PBXSourcesBuildPhase;
			buildActionMask = 2147483647;
			files = (
			);
			runOnlyForDeploymentPostprocessing = 0;
		};
		DBEF13992DEDF8F500DF7C02 /* Sources */ = {
			isa = PBXSourcesBuildPhase;
			buildActionMask = 2147483647;
			files = (
			);
			runOnlyForDeploymentPostprocessing = 0;
		};
/* End PBXSourcesBuildPhase section */

/* Begin PBXTargetDependency section */
		DBEF13952DEDF8F500DF7C02 /* PBXTargetDependency */ = {
			isa = PBXTargetDependency;
			target = DBEF13822DEDF8F400DF7C02 /* Instrument Cluster */;
			targetProxy = DBEF13942DEDF8F500DF7C02 /* PBXContainerItemProxy */;
		};
		DBEF139F2DEDF8F500DF7C02 /* PBXTargetDependency */ = {
			isa = PBXTargetDependency;
			target = DBEF13822DEDF8F400DF7C02 /* Instrument Cluster */;
			targetProxy = DBEF139E2DEDF8F500DF7C02 /* PBXContainerItemProxy */;
		};
/* End PBXTargetDependency section */

/* Begin XCBuildConfiguration section */
		DBEF13A52DEDF8F500DF7C02 /* Debug */ = {
			isa = XCBuildConfiguration;
			buildSettings = {
				ALWAYS_SEARCH_USER_PATHS = NO;
				ASSETCATALOG_COMPILER_GENERATE_SWIFT_ASSET_SYMBOL_EXTENSIONS = YES;
				CLANG_ANALYZER_NONNULL = YES;
				CLANG_ANALYZER_NUMBER_OBJECT_CONVERSION = YES_AGGRESSIVE;
				CLANG_CXX_LANGUAGE_STANDARD = "gnu++20";
				CLANG_ENABLE_MODULES = YES;
				CLANG_ENABLE_OBJC_ARC = YES;
				CLANG_ENABLE_OBJC_WEAK = YES;
				CLANG_WARN_BLOCK_CAPTURE_AUTORELEASING = YES;
				CLANG_WARN_BOOL_CONVERSION = YES;
				CLANG_WARN_COMMA = YES;
				CLANG_WARN_CONSTANT_CONVERSION = YES;
				CLANG_WARN_DEPRECATED_OBJC_IMPLEMENTATIONS = YES;
				CLANG_WARN_DIRECT_OBJC_ISA_USAGE = YES_ERROR;
				CLANG_WARN_DOCUMENTATION_COMMENTS = YES;
				CLANG_WARN_EMPTY_BODY = YES;
				CLANG_WARN_ENUM_CONVERSION = YES;
				CLANG_WARN_INFINITE_RECURSION = YES;
				CLANG_WARN_INT_CONVERSION = YES;
				CLANG_WARN_NON_LITERAL_NULL_CONVERSION = YES;
				CLANG_WARN_OBJC_IMPLICIT_RETAIN_SELF = YES;
				CLANG_WARN_OBJC_LITERAL_CONVERSION = YES;
				CLANG_WARN_OBJC_ROOT_CLASS = YES_ERROR;
				CLANG_WARN_QUOTED_INCLUDE_IN_FRAMEWORK_HEADER = YES;
				CLANG_WARN_RANGE_LOOP_ANALYSIS = YES;
				CLANG_WARN_STRICT_PROTOTYPES = YES;
				CLANG_WARN_SUSPICIOUS_MOVE = YES;
				CLANG_WARN_UNGUARDED_AVAILABILITY = YES_AGGRESSIVE;
				CLANG_WARN_UNREACHABLE_CODE = YES;
				CLANG_WARN__DUPLICATE_METHOD_MATCH = YES;
				COPY_PHASE_STRIP = NO;
				DEBUG_INFORMATION_FORMAT = dwarf;
				ENABLE_STRICT_OBJC_MSGSEND = YES;
				ENABLE_TESTABILITY = YES;
				ENABLE_USER_SCRIPT_SANDBOXING = YES;
				GCC_C_LANGUAGE_STANDARD = gnu17;
				GCC_DYNAMIC_NO_PIC = NO;
				GCC_NO_COMMON_BLOCKS = YES;
				GCC_OPTIMIZATION_LEVEL = 0;
				GCC_PREPROCESSOR_DEFINITIONS = (
					"DEBUG=1",
					"$(inherited)",
				);
				GCC_WARN_64_TO_32_BIT_CONVERSION = YES;
				GCC_WARN_ABOUT_RETURN_TYPE = YES_ERROR;
				GCC_WARN_UNDECLARED_SELECTOR = YES;
				GCC_WARN_UNINITIALIZED_AUTOS = YES_AGGRESSIVE;
				GCC_WARN_UNUSED_FUNCTION = YES;
				GCC_WARN_UNUSED_VARIABLE = YES;
				IPHONEOS_DEPLOYMENT_TARGET = 18.2;
				LOCALIZATION_PREFERS_STRING_CATALOGS = YES;
				MTL_ENABLE_DEBUG_INFO = INCLUDE_SOURCE;
				MTL_FAST_MATH = YES;
				ONLY_ACTIVE_ARCH = YES;
				SDKROOT = iphoneos;
				SWIFT_ACTIVE_COMPILATION_CONDITIONS = "DEBUG $(inherited)";
				SWIFT_OPTIMIZATION_LEVEL = "-Onone";
			};
			name = Debug;
		};
		DBEF13A62DEDF8F500DF7C02 /* Release */ = {
			isa = XCBuildConfiguration;
			buildSettings = {
				ALWAYS_SEARCH_USER_PATHS = NO;
				ASSETCATALOG_COMPILER_GENERATE_SWIFT_ASSET_SYMBOL_EXTENSIONS = YES;
				CLANG_ANALYZER_NONNULL = YES;
				CLANG_ANALYZER_NUMBER_OBJECT_CONVERSION = YES_AGGRESSIVE;
				CLANG_CXX_LANGUAGE_STANDARD = "gnu++20";
				CLANG_ENABLE_MODULES = YES;
				CLANG_ENABLE_OBJC_ARC = YES;
				CLANG_ENABLE_OBJC_WEAK = YES;
				CLANG_WARN_BLOCK_CAPTURE_AUTORELEASING = YES;
				CLANG_WARN_BOOL_CONVERSION = YES;
				CLANG_WARN_COMMA = YES;
				CLANG_WARN_CONSTANT_CONVERSION = YES;
				CLANG_WARN_DEPRECATED_OBJC_IMPLEMENTATIONS = YES;
				CLANG_WARN_DIRECT_OBJC_ISA_USAGE = YES_ERROR;
				CLANG_WARN_DOCUMENTATION_COMMENTS = YES;
				CLANG_WARN_EMPTY_BODY = YES;
				CLANG_WARN_ENUM_CONVERSION = YES;
				CLANG_WARN_INFINITE_RECURSION = YES;
				CLANG_WARN_INT_CONVERSION = YES;
				CLANG_WARN_NON_LITERAL_NULL_CONVERSION = YES;
				CLANG_WARN_OBJC_IMPLICIT_RETAIN_SELF = YES;
				CLANG_WARN_OBJC_LITERAL_CONVERSION = YES;
				CLANG_WARN_OBJC_ROOT_CLASS = YES_ERROR;
				CLANG_WARN_QUOTED_INCLUDE_IN_FRAMEWORK_HEADER = YES;
				CLANG_WARN_RANGE_LOOP_ANALYSIS = YES;
				CLANG_WARN_STRICT_PROTOTYPES = YES;
				CLANG_WARN_SUSPICIOUS_MOVE = YES;
				CLANG_WARN_UNGUARDED_AVAILABILITY = YES_AGGRESSIVE;
				CLANG_WARN_UNREACHABLE_CODE = YES;
				CLANG_WARN__DUPLICATE_METHOD_MATCH = YES;
				COPY_PHASE_STRIP = NO;
				DEBUG_INFORMATION_FORMAT = "dwarf-with-dsym";
				ENABLE_NS_ASSERTIONS = NO;
				ENABLE_STRICT_OBJC_MSGSEND = YES;
				ENABLE_USER_SCRIPT_SANDBOXING = YES;
				GCC_C_LANGUAGE_STANDARD = gnu17;
				GCC_NO_COMMON_BLOCKS = YES;
				GCC_WARN_64_TO_32_BIT_CONVERSION = YES;
				GCC_WARN_ABOUT_RETURN_TYPE = YES_ERROR;
				GCC_WARN_UNDECLARED_SELECTOR = YES;
				GCC_WARN_UNINITIALIZED_AUTOS = YES_AGGRESSIVE;
				GCC_WARN_UNUSED_FUNCTION = YES;
				GCC_WARN_UNUSED_VARIABLE = YES;
				IPHONEOS_DEPLOYMENT_TARGET = 18.2;
				LOCALIZATION_PREFERS_STRING_CATALOGS = YES;
				MTL_ENABLE_DEBUG_INFO = NO;
				MTL_FAST_MATH = YES;
				SDKROOT = iphoneos;
				SWIFT_COMPILATION_MODE = wholemodule;
				VALIDATE_PRODUCT = YES;
			};
			name = Release;
		};
		DBEF13A82DEDF8F500DF7C02 /* Debug */ = {
			isa = XCBuildConfiguration;
			buildSettings = {
				ASSETCATALOG_COMPILER_APPICON_NAME = AppIcon;
				ASSETCATALOG_COMPILER_GLOBAL_ACCENT_COLOR_NAME = AccentColor;
				CODE_SIGN_STYLE = Automatic;
				CURRENT_PROJECT_VERSION = 1;
				DEVELOPMENT_ASSET_PATHS = "\"Instrument Cluster/Preview Content\"";
				DEVELOPMENT_TEAM = 5K7WAX2YNP;
				ENABLE_PREVIEWS = YES;
				GENERATE_INFOPLIST_FILE = YES;
				INFOPLIST_KEY_UIApplicationSceneManifest_Generation = YES;
				INFOPLIST_KEY_UIApplicationSupportsIndirectInputEvents = YES;
				INFOPLIST_KEY_UILaunchScreen_Generation = YES;
				INFOPLIST_KEY_UISupportedInterfaceOrientations_iPad = "UIInterfaceOrientationPortrait UIInterfaceOrientationPortraitUpsideDown UIInterfaceOrientationLandscapeLeft UIInterfaceOrientationLandscapeRight";
				INFOPLIST_KEY_UISupportedInterfaceOrientations_iPhone = "UIInterfaceOrientationPortrait UIInterfaceOrientationLandscapeLeft UIInterfaceOrientationLandscapeRight";
				LD_RUNPATH_SEARCH_PATHS = (
					"$(inherited)",
					"@executable_path/Frameworks",
				);
				MARKETING_VERSION = 1.0;
				PRODUCT_BUNDLE_IDENTIFIER = "cddev.Instrument-Cluster";
				PRODUCT_NAME = "$(TARGET_NAME)";
				SWIFT_EMIT_LOC_STRINGS = YES;
				SWIFT_VERSION = 5.0;
				TARGETED_DEVICE_FAMILY = "1,2";
			};
			name = Debug;
		};
		DBEF13A92DEDF8F500DF7C02 /* Release */ = {
			isa = XCBuildConfiguration;
			buildSettings = {
				ASSETCATALOG_COMPILER_APPICON_NAME = AppIcon;
				ASSETCATALOG_COMPILER_GLOBAL_ACCENT_COLOR_NAME = AccentColor;
				CODE_SIGN_STYLE = Automatic;
				CURRENT_PROJECT_VERSION = 1;
				DEVELOPMENT_ASSET_PATHS = "\"Instrument Cluster/Preview Content\"";
				DEVELOPMENT_TEAM = 5K7WAX2YNP;
				ENABLE_PREVIEWS = YES;
				GENERATE_INFOPLIST_FILE = YES;
				INFOPLIST_KEY_UIApplicationSceneManifest_Generation = YES;
				INFOPLIST_KEY_UIApplicationSupportsIndirectInputEvents = YES;
				INFOPLIST_KEY_UILaunchScreen_Generation = YES;
				INFOPLIST_KEY_UISupportedInterfaceOrientations_iPad = "UIInterfaceOrientationPortrait UIInterfaceOrientationPortraitUpsideDown UIInterfaceOrientationLandscapeLeft UIInterfaceOrientationLandscapeRight";
				INFOPLIST_KEY_UISupportedInterfaceOrientations_iPhone = "UIInterfaceOrientationPortrait UIInterfaceOrientationLandscapeLeft UIInterfaceOrientationLandscapeRight";
				LD_RUNPATH_SEARCH_PATHS = (
					"$(inherited)",
					"@executable_path/Frameworks",
				);
				MARKETING_VERSION = 1.0;
				PRODUCT_BUNDLE_IDENTIFIER = "cddev.Instrument-Cluster";
				PRODUCT_NAME = "$(TARGET_NAME)";
				SWIFT_EMIT_LOC_STRINGS = YES;
				SWIFT_VERSION = 5.0;
				TARGETED_DEVICE_FAMILY = "1,2";
			};
			name = Release;
		};
		DBEF13AB2DEDF8F500DF7C02 /* Debug */ = {
			isa = XCBuildConfiguration;
			buildSettings = {
				BUNDLE_LOADER = "$(TEST_HOST)";
				CODE_SIGN_STYLE = Automatic;
				CURRENT_PROJECT_VERSION = 1;
				DEVELOPMENT_TEAM = 5K7WAX2YNP;
				GENERATE_INFOPLIST_FILE = YES;
				IPHONEOS_DEPLOYMENT_TARGET = 18.2;
				MARKETING_VERSION = 1.0;
				PRODUCT_BUNDLE_IDENTIFIER = "cddev.Instrument-ClusterTests";
				PRODUCT_NAME = "$(TARGET_NAME)";
				SWIFT_EMIT_LOC_STRINGS = NO;
				SWIFT_VERSION = 5.0;
				TARGETED_DEVICE_FAMILY = "1,2";
				TEST_HOST = "$(BUILT_PRODUCTS_DIR)/Instrument Cluster.app/$(BUNDLE_EXECUTABLE_FOLDER_PATH)/Instrument Cluster";
			};
			name = Debug;
		};
		DBEF13AC2DEDF8F500DF7C02 /* Release */ = {
			isa = XCBuildConfiguration;
			buildSettings = {
				BUNDLE_LOADER = "$(TEST_HOST)";
				CODE_SIGN_STYLE = Automatic;
				CURRENT_PROJECT_VERSION = 1;
				DEVELOPMENT_TEAM = 5K7WAX2YNP;
				GENERATE_INFOPLIST_FILE = YES;
				IPHONEOS_DEPLOYMENT_TARGET = 18.2;
				MARKETING_VERSION = 1.0;
				PRODUCT_BUNDLE_IDENTIFIER = "cddev.Instrument-ClusterTests";
				PRODUCT_NAME = "$(TARGET_NAME)";
				SWIFT_EMIT_LOC_STRINGS = NO;
				SWIFT_VERSION = 5.0;
				TARGETED_DEVICE_FAMILY = "1,2";
				TEST_HOST = "$(BUILT_PRODUCTS_DIR)/Instrument Cluster.app/$(BUNDLE_EXECUTABLE_FOLDER_PATH)/Instrument Cluster";
			};
			name = Release;
		};
		DBEF13AE2DEDF8F500DF7C02 /* Debug */ = {
			isa = XCBuildConfiguration;
			buildSettings = {
				CODE_SIGN_STYLE = Automatic;
				CURRENT_PROJECT_VERSION = 1;
				DEVELOPMENT_TEAM = 5K7WAX2YNP;
				GENERATE_INFOPLIST_FILE = YES;
				MARKETING_VERSION = 1.0;
				PRODUCT_BUNDLE_IDENTIFIER = "cddev.Instrument-ClusterUITests";
				PRODUCT_NAME = "$(TARGET_NAME)";
				SWIFT_EMIT_LOC_STRINGS = NO;
				SWIFT_VERSION = 5.0;
				TARGETED_DEVICE_FAMILY = "1,2";
				TEST_TARGET_NAME = "Instrument Cluster";
			};
			name = Debug;
		};
		DBEF13AF2DEDF8F500DF7C02 /* Release */ = {
			isa = XCBuildConfiguration;
			buildSettings = {
				CODE_SIGN_STYLE = Automatic;
				CURRENT_PROJECT_VERSION = 1;
				DEVELOPMENT_TEAM = 5K7WAX2YNP;
				GENERATE_INFOPLIST_FILE = YES;
				MARKETING_VERSION = 1.0;
				PRODUCT_BUNDLE_IDENTIFIER = "cddev.Instrument-ClusterUITests";
				PRODUCT_NAME = "$(TARGET_NAME)";
				SWIFT_EMIT_LOC_STRINGS = NO;
				SWIFT_VERSION = 5.0;
				TARGETED_DEVICE_FAMILY = "1,2";
				TEST_TARGET_NAME = "Instrument Cluster";
			};
			name = Release;
		};
/* End XCBuildConfiguration section */

/* Begin XCConfigurationList section */
		DBEF137E2DEDF8F400DF7C02 /* Build configuration list for PBXProject "Instrument Cluster" */ = {
			isa = XCConfigurationList;
			buildConfigurations = (
				DBEF13A52DEDF8F500DF7C02 /* Debug */,
				DBEF13A62DEDF8F500DF7C02 /* Release */,
			);
			defaultConfigurationIsVisible = 0;
			defaultConfigurationName = Release;
		};
		DBEF13A72DEDF8F500DF7C02 /* Build configuration list for PBXNativeTarget "Instrument Cluster" */ = {
			isa = XCConfigurationList;
			buildConfigurations = (
				DBEF13A82DEDF8F500DF7C02 /* Debug */,
				DBEF13A92DEDF8F500DF7C02 /* Release */,
			);
			defaultConfigurationIsVisible = 0;
			defaultConfigurationName = Release;
		};
		DBEF13AA2DEDF8F500DF7C02 /* Build configuration list for PBXNativeTarget "Instrument ClusterTests" */ = {
			isa = XCConfigurationList;
			buildConfigurations = (
				DBEF13AB2DEDF8F500DF7C02 /* Debug */,
				DBEF13AC2DEDF8F500DF7C02 /* Release */,
			);
			defaultConfigurationIsVisible = 0;
			defaultConfigurationName = Release;
		};
		DBEF13AD2DEDF8F500DF7C02 /* Build configuration list for PBXNativeTarget "Instrument ClusterUITests" */ = {
			isa = XCConfigurationList;
			buildConfigurations = (
				DBEF13AE2DEDF8F500DF7C02 /* Debug */,
				DBEF13AF2DEDF8F500DF7C02 /* Release */,
			);
			defaultConfigurationIsVisible = 0;
			defaultConfigurationName = Release;
		};
/* End XCConfigurationList section */
	};
	rootObject = DBEF137B2DEDF8F400DF7C02 /* Project object */;
}
